// !$*UTF8*$!
{
	archiveVersion = 1;
	classes = {
	};
	objectVersion = 46;
	objects = {

/* Begin PBXBuildFile section */
		4CA971AE1EEA9ED200B27293 /* AppDelegate.swift in Sources */ = {isa = PBXBuildFile; fileRef = 4CA971AD1EEA9ED200B27293 /* AppDelegate.swift */; };
		4CA971B01EEA9ED200B27293 /* ViewController.swift in Sources */ = {isa = PBXBuildFile; fileRef = 4CA971AF1EEA9ED200B27293 /* ViewController.swift */; };
		4CA971B31EEA9ED200B27293 /* Main.storyboard in Resources */ = {isa = PBXBuildFile; fileRef = 4CA971B11EEA9ED200B27293 /* Main.storyboard */; };
		4CA971B51EEA9ED200B27293 /* Assets.xcassets in Resources */ = {isa = PBXBuildFile; fileRef = 4CA971B41EEA9ED200B27293 /* Assets.xcassets */; };
		4CA971B81EEA9ED200B27293 /* LaunchScreen.storyboard in Resources */ = {isa = PBXBuildFile; fileRef = 4CA971B61EEA9ED200B27293 /* LaunchScreen.storyboard */; };
		4CA971C31EEA9ED200B27293 /* Internet_BrowserUITests.swift in Sources */ = {isa = PBXBuildFile; fileRef = 4CA971C21EEA9ED200B27293 /* Internet_BrowserUITests.swift */; };
/* End PBXBuildFile section */

/* Begin PBXContainerItemProxy section */
		4CA971BF1EEA9ED200B27293 /* PBXContainerItemProxy */ = {
			isa = PBXContainerItemProxy;
			containerPortal = 4CA971A21EEA9ED100B27293 /* Project object */;
			proxyType = 1;
			remoteGlobalIDString = 4CA971A91EEA9ED100B27293;
			remoteInfo = "Internet Browser";
		};
/* End PBXContainerItemProxy section */

/* Begin PBXFileReference section */
		4CA971AA1EEA9ED200B27293 /* Internet Browser.app */ = {isa = PBXFileReference; explicitFileType = wrapper.application; includeInIndex = 0; path = "Internet Browser.app"; sourceTree = BUILT_PRODUCTS_DIR; };
		4CA971AD1EEA9ED200B27293 /* AppDelegate.swift */ = {isa = PBXFileReference; lastKnownFileType = sourcecode.swift; path = AppDelegate.swift; sourceTree = "<group>"; };
		4CA971AF1EEA9ED200B27293 /* ViewController.swift */ = {isa = PBXFileReference; lastKnownFileType = sourcecode.swift; path = ViewController.swift; sourceTree = "<group>"; };
		4CA971B21EEA9ED200B27293 /* Base */ = {isa = PBXFileReference; lastKnownFileType = file.storyboard; name = Base; path = Base.lproj/Main.storyboard; sourceTree = "<group>"; };
		4CA971B41EEA9ED200B27293 /* Assets.xcassets */ = {isa = PBXFileReference; lastKnownFileType = folder.assetcatalog; path = Assets.xcassets; sourceTree = "<group>"; };
		4CA971B71EEA9ED200B27293 /* Base */ = {isa = PBXFileReference; lastKnownFileType = file.storyboard; name = Base; path = Base.lproj/LaunchScreen.storyboard; sourceTree = "<group>"; };
		4CA971B91EEA9ED200B27293 /* Info.plist */ = {isa = PBXFileReference; lastKnownFileType = text.plist.xml; path = Info.plist; sourceTree = "<group>"; };
		4CA971BE1EEA9ED200B27293 /* Internet BrowserUITests.xctest */ = {isa = PBXFileReference; explicitFileType = wrapper.cfbundle; includeInIndex = 0; path = "Internet BrowserUITests.xctest"; sourceTree = BUILT_PRODUCTS_DIR; };
		4CA971C21EEA9ED200B27293 /* Internet_BrowserUITests.swift */ = {isa = PBXFileReference; lastKnownFileType = sourcecode.swift; path = Internet_BrowserUITests.swift; sourceTree = "<group>"; };
		4CA971C41EEA9ED200B27293 /* Info.plist */ = {isa = PBXFileReference; lastKnownFileType = text.plist.xml; path = Info.plist; sourceTree = "<group>"; };
/* End PBXFileReference section */

/* Begin PBXFrameworksBuildPhase section */
		4CA971A71EEA9ED100B27293 /* Frameworks */ = {
			isa = PBXFrameworksBuildPhase;
			buildActionMask = 2147483647;
			files = (
			);
			runOnlyForDeploymentPostprocessing = 0;
		};
		4CA971BB1EEA9ED200B27293 /* Frameworks */ = {
			isa = PBXFrameworksBuildPhase;
			buildActionMask = 2147483647;
			files = (
			);
			runOnlyForDeploymentPostprocessing = 0;
		};
/* End PBXFrameworksBuildPhase section */

/* Begin PBXGroup section */
		4CA971A11EEA9ED100B27293 = {
			isa = PBXGroup;
			children = (
				4CA971AC1EEA9ED200B27293 /* Internet Browser */,
				4CA971C11EEA9ED200B27293 /* Internet BrowserUITests */,
				4CA971AB1EEA9ED200B27293 /* Products */,
			);
			sourceTree = "<group>";
		};
		4CA971AB1EEA9ED200B27293 /* Products */ = {
			isa = PBXGroup;
			children = (
				4CA971AA1EEA9ED200B27293 /* Internet Browser.app */,
				4CA971BE1EEA9ED200B27293 /* Internet BrowserUITests.xctest */,
			);
			name = Products;
			sourceTree = "<group>";
		};
		4CA971AC1EEA9ED200B27293 /* Internet Browser */ = {
			isa = PBXGroup;
			children = (
				4CA971AD1EEA9ED200B27293 /* AppDelegate.swift */,
				4CA971AF1EEA9ED200B27293 /* ViewController.swift */,
				4CA971B11EEA9ED200B27293 /* Main.storyboard */,
				4CA971B41EEA9ED200B27293 /* Assets.xcassets */,
				4CA971B61EEA9ED200B27293 /* LaunchScreen.storyboard */,
				4CA971B91EEA9ED200B27293 /* Info.plist */,
			);
			path = "Internet Browser";
			sourceTree = "<group>";
		};
		4CA971C11EEA9ED200B27293 /* Internet BrowserUITests */ = {
			isa = PBXGroup;
			children = (
				4CA971C21EEA9ED200B27293 /* Internet_BrowserUITests.swift */,
				4CA971C41EEA9ED200B27293 /* Info.plist */,
			);
			path = "Internet BrowserUITests";
			sourceTree = "<group>";
		};
/* End PBXGroup section */

/* Begin PBXNativeTarget section */
		4CA971A91EEA9ED100B27293 /* Internet Browser */ = {
			isa = PBXNativeTarget;
			buildConfigurationList = 4CA971C71EEA9ED300B27293 /* Build configuration list for PBXNativeTarget "Internet Browser" */;
			buildPhases = (
				4CA971A61EEA9ED100B27293 /* Sources */,
				4CA971A71EEA9ED100B27293 /* Frameworks */,
				4CA971A81EEA9ED100B27293 /* Resources */,
			);
			buildRules = (
			);
			dependencies = (
			);
			name = "Internet Browser";
			productName = "Internet Browser";
			productReference = 4CA971AA1EEA9ED200B27293 /* Internet Browser.app */;
			productType = "com.apple.product-type.application";
		};
		4CA971BD1EEA9ED200B27293 /* Internet BrowserUITests */ = {
			isa = PBXNativeTarget;
			buildConfigurationList = 4CA971CA1EEA9ED300B27293 /* Build configuration list for PBXNativeTarget "Internet BrowserUITests" */;
			buildPhases = (
				4CA971BA1EEA9ED200B27293 /* Sources */,
				4CA971BB1EEA9ED200B27293 /* Frameworks */,
				4CA971BC1EEA9ED200B27293 /* Resources */,
			);
			buildRules = (
			);
			dependencies = (
				4CA971C01EEA9ED200B27293 /* PBXTargetDependency */,
			);
			name = "Internet BrowserUITests";
			productName = "Internet BrowserUITests";
			productReference = 4CA971BE1EEA9ED200B27293 /* Internet BrowserUITests.xctest */;
			productType = "com.apple.product-type.bundle.ui-testing";
		};
/* End PBXNativeTarget section */

/* Begin PBXProject section */
		4CA971A21EEA9ED100B27293 /* Project object */ = {
			isa = PBXProject;
			attributes = {
				LastSwiftUpdateCheck = 0830;
				LastUpgradeCheck = 0830;
				ORGANIZATIONNAME = iFlame;
				TargetAttributes = {
					4CA971A91EEA9ED100B27293 = {
						CreatedOnToolsVersion = 8.3;
						ProvisioningStyle = Automatic;
					};
					4CA971BD1EEA9ED200B27293 = {
						CreatedOnToolsVersion = 8.3;
						ProvisioningStyle = Automatic;
						TestTargetID = 4CA971A91EEA9ED100B27293;
					};
				};
			};
			buildConfigurationList = 4CA971A51EEA9ED100B27293 /* Build configuration list for PBXProject "Internet Browser" */;
			compatibilityVersion = "Xcode 3.2";
			developmentRegion = English;
			hasScannedForEncodings = 0;
			knownRegions = (
				en,
				Base,
			);
			mainGroup = 4CA971A11EEA9ED100B27293;
			productRefGroup = 4CA971AB1EEA9ED200B27293 /* Products */;
			projectDirPath = "";
			projectRoot = "";
			targets = (
				4CA971A91EEA9ED100B27293 /* Internet Browser */,
				4CA971BD1EEA9ED200B27293 /* Internet BrowserUITests */,
			);
		};
/* End PBXProject section */

/* Begin PBXResourcesBuildPhase section */
		4CA971A81EEA9ED100B27293 /* Resources */ = {
			isa = PBXResourcesBuildPhase;
			buildActionMask = 2147483647;
			files = (
				4CA971B81EEA9ED200B27293 /* LaunchScreen.storyboard in Resources */,
				4CA971B51EEA9ED200B27293 /* Assets.xcassets in Resources */,
				4CA971B31EEA9ED200B27293 /* Main.storyboard in Resources */,
			);
			runOnlyForDeploymentPostprocessing = 0;
		};
		4CA971BC1EEA9ED200B27293 /* Resources */ = {
			isa = PBXResourcesBuildPhase;
			buildActionMask = 2147483647;
			files = (
			);
			runOnlyForDeploymentPostprocessing = 0;
		};
/* End PBXResourcesBuildPhase section */

/* Begin PBXSourcesBuildPhase section */
		4CA971A61EEA9ED100B27293 /* Sources */ = {
			isa = PBXSourcesBuildPhase;
			buildActionMask = 2147483647;
			files = (
				4CA971B01EEA9ED200B27293 /* ViewController.swift in Sources */,
				4CA971AE1EEA9ED200B27293 /* AppDelegate.swift in Sources */,
			);
			runOnlyForDeploymentPostprocessing = 0;
		};
		4CA971BA1EEA9ED200B27293 /* Sources */ = {
			isa = PBXSourcesBuildPhase;
			buildActionMask = 2147483647;
			files = (
				4CA971C31EEA9ED200B27293 /* Internet_BrowserUITests.swift in Sources */,
			);
			runOnlyForDeploymentPostprocessing = 0;
		};
/* End PBXSourcesBuildPhase section */

/* Begin PBXTargetDependency section */
		4CA971C01EEA9ED200B27293 /* PBXTargetDependency */ = {
			isa = PBXTargetDependency;
			target = 4CA971A91EEA9ED100B27293 /* Internet Browser */;
			targetProxy = 4CA971BF1EEA9ED200B27293 /* PBXContainerItemProxy */;
		};
/* End PBXTargetDependency section */

/* Begin PBXVariantGroup section */
		4CA971B11EEA9ED200B27293 /* Main.storyboard */ = {
			isa = PBXVariantGroup;
			children = (
				4CA971B21EEA9ED200B27293 /* Base */,
			);
			name = Main.storyboard;
			sourceTree = "<group>";
		};
		4CA971B61EEA9ED200B27293 /* LaunchScreen.storyboard */ = {
			isa = PBXVariantGroup;
			children = (
				4CA971B71EEA9ED200B27293 /* Base */,
			);
			name = LaunchScreen.storyboard;
			sourceTree = "<group>";
		};
/* End PBXVariantGroup section */

/* Begin XCBuildConfiguration section */
		4CA971C51EEA9ED300B27293 /* Debug */ = {
			isa = XCBuildConfiguration;
			buildSettings = {
				ALWAYS_SEARCH_USER_PATHS = NO;
				CLANG_ANALYZER_NONNULL = YES;
				CLANG_ANALYZER_NUMBER_OBJECT_CONVERSION = YES_AGGRESSIVE;
				CLANG_CXX_LANGUAGE_STANDARD = "gnu++0x";
				CLANG_CXX_LIBRARY = "libc++";
				CLANG_ENABLE_MODULES = YES;
				CLANG_ENABLE_OBJC_ARC = YES;
				CLANG_WARN_BOOL_CONVERSION = YES;
				CLANG_WARN_CONSTANT_CONVERSION = YES;
				CLANG_WARN_DIRECT_OBJC_ISA_USAGE = YES_ERROR;
				CLANG_WARN_DOCUMENTATION_COMMENTS = YES;
				CLANG_WARN_EMPTY_BODY = YES;
				CLANG_WARN_ENUM_CONVERSION = YES;
				CLANG_WARN_INFINITE_RECURSION = YES;
				CLANG_WARN_INT_CONVERSION = YES;
				CLANG_WARN_OBJC_ROOT_CLASS = YES_ERROR;
				CLANG_WARN_SUSPICIOUS_MOVE = YES;
				CLANG_WARN_UNREACHABLE_CODE = YES;
				CLANG_WARN__DUPLICATE_METHOD_MATCH = YES;
				"CODE_SIGN_IDENTITY[sdk=iphoneos*]" = "iPhone Developer";
				COPY_PHASE_STRIP = NO;
				DEBUG_INFORMATION_FORMAT = dwarf;
				ENABLE_STRICT_OBJC_MSGSEND = YES;
				ENABLE_TESTABILITY = YES;
				GCC_C_LANGUAGE_STANDARD = gnu99;
				GCC_DYNAMIC_NO_PIC = NO;
				GCC_NO_COMMON_BLOCKS = YES;
				GCC_OPTIMIZATION_LEVEL = 0;
				GCC_PREPROCESSOR_DEFINITIONS = (
					"DEBUG=1",
					"$(inherited)",
				);
				GCC_WARN_64_TO_32_BIT_CONVERSION = YES;
				GCC_WARN_ABOUT_RETURN_TYPE = YES_ERROR;
				GCC_WARN_UNDECLARED_SELECTOR = YES;
				GCC_WARN_UNINITIALIZED_AUTOS = YES_AGGRESSIVE;
				GCC_WARN_UNUSED_FUNCTION = YES;
				GCC_WARN_UNUSED_VARIABLE = YES;
				IPHONEOS_DEPLOYMENT_TARGET = 10.3;
				MTL_ENABLE_DEBUG_INFO = YES;
				ONLY_ACTIVE_ARCH = YES;
				SDKROOT = iphoneos;
				SWIFT_ACTIVE_COMPILATION_CONDITIONS = DEBUG;
				SWIFT_OPTIMIZATION_LEVEL = "-Onone";
			};
			name = Debug;
		};
		4CA971C61EEA9ED300B27293 /* Release */ = {
			isa = XCBuildConfiguration;
			buildSettings = {
				ALWAYS_SEARCH_USER_PATHS = NO;
				CLANG_ANALYZER_NONNULL = YES;
				CLANG_ANALYZER_NUMBER_OBJECT_CONVERSION = YES_AGGRESSIVE;
				CLANG_CXX_LANGUAGE_STANDARD = "gnu++0x";
				CLANG_CXX_LIBRARY = "libc++";
				CLANG_ENABLE_MODULES = YES;
				CLANG_ENABLE_OBJC_ARC = YES;
				CLANG_WARN_BOOL_CONVERSION = YES;
				CLANG_WARN_CONSTANT_CONVERSION = YES;
				CLANG_WARN_DIRECT_OBJC_ISA_USAGE = YES_ERROR;
				CLANG_WARN_DOCUMENTATION_COMMENTS = YES;
				CLANG_WARN_EMPTY_BODY = YES;
				CLANG_WARN_ENUM_CONVERSION = YES;
				CLANG_WARN_INFINITE_RECURSION = YES;
				CLANG_WARN_INT_CONVERSION = YES;
				CLANG_WARN_OBJC_ROOT_CLASS = YES_ERROR;
				CLANG_WARN_SUSPICIOUS_MOVE = YES;
				CLANG_WARN_UNREACHABLE_CODE = YES;
				CLANG_WARN__DUPLICATE_METHOD_MATCH = YES;
				"CODE_SIGN_IDENTITY[sdk=iphoneos*]" = "iPhone Developer";
				COPY_PHASE_STRIP = NO;
				DEBUG_INFORMATION_FORMAT = "dwarf-with-dsym";
				ENABLE_NS_ASSERTIONS = NO;
				ENABLE_STRICT_OBJC_MSGSEND = YES;
				GCC_C_LANGUAGE_STANDARD = gnu99;
				GCC_NO_COMMON_BLOCKS = YES;
				GCC_WARN_64_TO_32_BIT_CONVERSION = YES;
				GCC_WARN_ABOUT_RETURN_TYPE = YES_ERROR;
				GCC_WARN_UNDECLARED_SELECTOR = YES;
				GCC_WARN_UNINITIALIZED_AUTOS = YES_AGGRESSIVE;
				GCC_WARN_UNUSED_FUNCTION = YES;
				GCC_WARN_UNUSED_VARIABLE = YES;
				IPHONEOS_DEPLOYMENT_TARGET = 10.3;
				MTL_ENABLE_DEBUG_INFO = NO;
				SDKROOT = iphoneos;
				SWIFT_OPTIMIZATION_LEVEL = "-Owholemodule";
				VALIDATE_PRODUCT = YES;
			};
			name = Release;
		};
		4CA971C81EEA9ED300B27293 /* Debug */ = {
			isa = XCBuildConfiguration;
			buildSettings = {
				ASSETCATALOG_COMPILER_APPICON_NAME = AppIcon;
				INFOPLIST_FILE = "Internet Browser/Info.plist";
				LD_RUNPATH_SEARCH_PATHS = "$(inherited) @executable_path/Frameworks";
				PRODUCT_BUNDLE_IDENTIFIER = "Organization.Internet-Browser";
				PRODUCT_NAME = "$(TARGET_NAME)";
				SWIFT_VERSION = 3.0;
			};
			name = Debug;
		};
		4CA971C91EEA9ED300B27293 /* Release */ = {
			isa = XCBuildConfiguration;
			buildSettings = {
				ASSETCATALOG_COMPILER_APPICON_NAME = AppIcon;
				INFOPLIST_FILE = "Internet Browser/Info.plist";
				LD_RUNPATH_SEARCH_PATHS = "$(inherited) @executable_path/Frameworks";
				PRODUCT_BUNDLE_IDENTIFIER = "Organization.Internet-Browser";
				PRODUCT_NAME = "$(TARGET_NAME)";
				SWIFT_VERSION = 3.0;
			};
			name = Release;
		};
		4CA971CB1EEA9ED300B27293 /* Debug */ = {
			isa = XCBuildConfiguration;
			buildSettings = {
				ALWAYS_EMBED_SWIFT_STANDARD_LIBRARIES = YES;
				INFOPLIST_FILE = "Internet BrowserUITests/Info.plist";
				LD_RUNPATH_SEARCH_PATHS = "$(inherited) @executable_path/Frameworks @loader_path/Frameworks";
				PRODUCT_BUNDLE_IDENTIFIER = "Organization.Internet-BrowserUITests";
				PRODUCT_NAME = "$(TARGET_NAME)";
				SWIFT_VERSION = 3.0;
				TEST_TARGET_NAME = "Internet Browser";
			};
			name = Debug;
		};
		4CA971CC1EEA9ED300B27293 /* Release */ = {
			isa = XCBuildConfiguration;
			buildSettings = {
				ALWAYS_EMBED_SWIFT_STANDARD_LIBRARIES = YES;
				INFOPLIST_FILE = "Internet BrowserUITests/Info.plist";
				LD_RUNPATH_SEARCH_PATHS = "$(inherited) @executable_path/Frameworks @loader_path/Frameworks";
				PRODUCT_BUNDLE_IDENTIFIER = "Organization.Internet-BrowserUITests";
				PRODUCT_NAME = "$(TARGET_NAME)";
				SWIFT_VERSION = 3.0;
				TEST_TARGET_NAME = "Internet Browser";
			};
			name = Release;
		};
/* End XCBuildConfiguration section */

/* Begin XCConfigurationList section */
		4CA971A51EEA9ED100B27293 /* Build configuration list for PBXProject "Internet Browser" */ = {
			isa = XCConfigurationList;
			buildConfigurations = (
				4CA971C51EEA9ED300B27293 /* Debug */,
				4CA971C61EEA9ED300B27293 /* Release */,
			);
			defaultConfigurationIsVisible = 0;
			defaultConfigurationName = Release;
		};
		4CA971C71EEA9ED300B27293 /* Build configuration list for PBXNativeTarget "Internet Browser" */ = {
			isa = XCConfigurationList;
			buildConfigurations = (
				4CA971C81EEA9ED300B27293 /* Debug */,
				4CA971C91EEA9ED300B27293 /* Release */,
			);
			defaultConfigurationIsVisible = 0;
		};
		4CA971CA1EEA9ED300B27293 /* Build configuration list for PBXNativeTarget "Internet BrowserUITests" */ = {
			isa = XCConfigurationList;
			buildConfigurations = (
				4CA971CB1EEA9ED300B27293 /* Debug */,
				4CA971CC1EEA9ED300B27293 /* Release */,
			);
			defaultConfigurationIsVisible = 0;
		};
/* End XCConfigurationList section */
	};
	rootObject = 4CA971A21EEA9ED100B27293 /* Project object */;
}
